
Microsoft Visual Studio Solution File, Format Version 12.00
# Visual Studio Version 17
VisualStudioVersion = 17.8.34511.84
MinimumVisualStudioVersion = 10.0.40219.1
Project("{FAE04EC0-301F-11D3-BF4B-00C04F79EFBC}") = "pr.9.01.04", "pr.9.1\pr.9.01.04.csproj", "{835CCDA7-BBB5-4B87-AD95-DCE57C69C563}"
EndProject
Global
	GlobalSection(SolutionConfigurationPlatforms) = preSolution
		Debug|Any CPU = Debug|Any CPU
		Release|Any CPU = Release|Any CPU
	EndGlobalSection
	GlobalSection(ProjectConfigurationPlatforms) = postSolution
		{835CCDA7-BBB5-4B87-AD95-DCE57C69C563}.Debug|Any CPU.ActiveCfg = Debug|Any CPU
		{835CCDA7-BBB5-4B87-AD95-DCE57C69C563}.Debug|Any CPU.Build.0 = Debug|Any CPU
		{835CCDA7-BBB5-4B87-AD95-DCE57C69C563}.Release|Any CPU.ActiveCfg = Release|Any CPU
		{835CCDA7-BBB5-4B87-AD95-DCE57C69C563}.Release|Any CPU.Build.0 = Release|Any CPU
	EndGlobalSection
	GlobalSection(SolutionProperties) = preSolution
		HideSolutionNode = FALSE
	EndGlobalSection
	GlobalSection(ExtensibilityGlobals) = postSolution
		SolutionGuid = {584E3590-38C1-4422-AB96-0BE00CEE63F4}
	EndGlobalSection
EndGlobal
